// !$*UTF8*$!
{
	archiveVersion = 1;
	classes = {
	};
	objectVersion = 51;
	objects = {

/* Begin PBXBuildFile section */
		5094B4D22264CBB764F314C6 /* Pods_AdventureGameTests.framework in Frameworks */ = {isa = PBXBuildFile; fileRef = FD451E42E7D4724A8CA90067 /* Pods_AdventureGameTests.framework */; };
		5B2E457722F439C100A4D9F6 /* MoneyUnit.swift in Sources */ = {isa = PBXBuildFile; fileRef = 5B2E457622F439C100A4D9F6 /* MoneyUnit.swift */; };
		5B9B526E22F168BB003967E4 /* StoreView.swift in Sources */ = {isa = PBXBuildFile; fileRef = 5B9B526D22F168BB003967E4 /* StoreView.swift */; };
		5BA7259322FACE4A008B558C /* AdventureGame.db in Resources */ = {isa = PBXBuildFile; fileRef = 5BA7259222FACE4A008B558C /* AdventureGame.db */; };
		5BAD56C822F19506005E3393 /* StoreManager.swift in Sources */ = {isa = PBXBuildFile; fileRef = 5BAD56C722F19506005E3393 /* StoreManager.swift */; };
		5BAD56CB22F1958F005E3393 /* StoreModel.swift in Sources */ = {isa = PBXBuildFile; fileRef = 5BAD56CA22F1958F005E3393 /* StoreModel.swift */; };
		5BD2843822FD419500E77BB3 /* TotalDBManager.swift in Sources */ = {isa = PBXBuildFile; fileRef = 5BD2843722FD419500E77BB3 /* TotalDBManager.swift */; };
		5BD6752222FA7E700055E9BF /* StoreDBManager.swift in Sources */ = {isa = PBXBuildFile; fileRef = 5BD6752122FA7E700055E9BF /* StoreDBManager.swift */; };
		5BDC0E6C22E97AC80050F9C8 /* AppDelegate.swift in Sources */ = {isa = PBXBuildFile; fileRef = 5BDC0E6B22E97AC80050F9C8 /* AppDelegate.swift */; };
		5BDC0E7722E97AC80050F9C8 /* Main.storyboard in Resources */ = {isa = PBXBuildFile; fileRef = 5BDC0E7522E97AC80050F9C8 /* Main.storyboard */; };
		5BDC0E7922E97AC90050F9C8 /* Assets.xcassets in Resources */ = {isa = PBXBuildFile; fileRef = 5BDC0E7822E97AC90050F9C8 /* Assets.xcassets */; };
		5BDC0E7C22E97AC90050F9C8 /* LaunchScreen.storyboard in Resources */ = {isa = PBXBuildFile; fileRef = 5BDC0E7A22E97AC90050F9C8 /* LaunchScreen.storyboard */; };
		5BDC0E8722E97AC90050F9C8 /* AdventureGameTests.swift in Sources */ = {isa = PBXBuildFile; fileRef = 5BDC0E8622E97AC90050F9C8 /* AdventureGameTests.swift */; };
		5BDC0E9222E97AC90050F9C8 /* AdventureGameUITests.swift in Sources */ = {isa = PBXBuildFile; fileRef = 5BDC0E9122E97AC90050F9C8 /* AdventureGameUITests.swift */; };
		5BDC0EA622E98C260050F9C8 /* GameViewController.swift in Sources */ = {isa = PBXBuildFile; fileRef = 5BDC0EA322E98C260050F9C8 /* GameViewController.swift */; };
		7C45BEDA2EAB84BD8C9CE3CF /* Pods_AdventureGameUITests.framework in Frameworks */ = {isa = PBXBuildFile; fileRef = BD20668C9EE65139562888D8 /* Pods_AdventureGameUITests.framework */; };
		A426146D0B3F45ADC15D70E1 /* Pods_AdventureGame.framework in Frameworks */ = {isa = PBXBuildFile; fileRef = 422CCAE33F26E4392D5E3AF0 /* Pods_AdventureGame.framework */; };
/* End PBXBuildFile section */

/* Begin PBXContainerItemProxy section */
		5BDC0E8322E97AC90050F9C8 /* PBXContainerItemProxy */ = {
			isa = PBXContainerItemProxy;
			containerPortal = 5BDC0E6022E97AC80050F9C8 /* Project object */;
			proxyType = 1;
			remoteGlobalIDString = 5BDC0E6722E97AC80050F9C8;
			remoteInfo = AdventureGame;
		};
		5BDC0E8E22E97AC90050F9C8 /* PBXContainerItemProxy */ = {
			isa = PBXContainerItemProxy;
			containerPortal = 5BDC0E6022E97AC80050F9C8 /* Project object */;
			proxyType = 1;
			remoteGlobalIDString = 5BDC0E6722E97AC80050F9C8;
			remoteInfo = AdventureGame;
		};
/* End PBXContainerItemProxy section */

/* Begin PBXFileReference section */
		1E06043352358DD36F6C630E /* Pods-AdventureGameTests.debug.xcconfig */ = {isa = PBXFileReference; includeInIndex = 1; lastKnownFileType = text.xcconfig; name = "Pods-AdventureGameTests.debug.xcconfig"; path = "Target Support Files/Pods-AdventureGameTests/Pods-AdventureGameTests.debug.xcconfig"; sourceTree = "<group>"; };
		422CCAE33F26E4392D5E3AF0 /* Pods_AdventureGame.framework */ = {isa = PBXFileReference; explicitFileType = wrapper.framework; includeInIndex = 0; path = Pods_AdventureGame.framework; sourceTree = BUILT_PRODUCTS_DIR; };
		515EE9D3D298A103B8A9D915 /* Pods-AdventureGameUITests.debug.xcconfig */ = {isa = PBXFileReference; includeInIndex = 1; lastKnownFileType = text.xcconfig; name = "Pods-AdventureGameUITests.debug.xcconfig"; path = "Target Support Files/Pods-AdventureGameUITests/Pods-AdventureGameUITests.debug.xcconfig"; sourceTree = "<group>"; };
		538521BEA1A33DC9D7B2EEBC /* Pods-AdventureGameTests.release.xcconfig */ = {isa = PBXFileReference; includeInIndex = 1; lastKnownFileType = text.xcconfig; name = "Pods-AdventureGameTests.release.xcconfig"; path = "Target Support Files/Pods-AdventureGameTests/Pods-AdventureGameTests.release.xcconfig"; sourceTree = "<group>"; };
		5B2E457622F439C100A4D9F6 /* MoneyUnit.swift */ = {isa = PBXFileReference; lastKnownFileType = sourcecode.swift; path = MoneyUnit.swift; sourceTree = "<group>"; };
		5B9B526D22F168BB003967E4 /* StoreView.swift */ = {isa = PBXFileReference; lastKnownFileType = sourcecode.swift; path = StoreView.swift; sourceTree = "<group>"; };
		5BA7259222FACE4A008B558C /* AdventureGame.db */ = {isa = PBXFileReference; lastKnownFileType = file; path = AdventureGame.db; sourceTree = "<group>"; };
		5BAD56C722F19506005E3393 /* StoreManager.swift */ = {isa = PBXFileReference; lastKnownFileType = sourcecode.swift; path = StoreManager.swift; sourceTree = "<group>"; };
		5BAD56CA22F1958F005E3393 /* StoreModel.swift */ = {isa = PBXFileReference; lastKnownFileType = sourcecode.swift; path = StoreModel.swift; sourceTree = "<group>"; };
		5BD2843722FD419500E77BB3 /* TotalDBManager.swift */ = {isa = PBXFileReference; lastKnownFileType = sourcecode.swift; path = TotalDBManager.swift; sourceTree = "<group>"; };
		5BD6752122FA7E700055E9BF /* StoreDBManager.swift */ = {isa = PBXFileReference; lastKnownFileType = sourcecode.swift; path = StoreDBManager.swift; sourceTree = "<group>"; };
		5BDC0E6822E97AC80050F9C8 /* AdventureGame.app */ = {isa = PBXFileReference; explicitFileType = wrapper.application; includeInIndex = 0; path = AdventureGame.app; sourceTree = BUILT_PRODUCTS_DIR; };
		5BDC0E6B22E97AC80050F9C8 /* AppDelegate.swift */ = {isa = PBXFileReference; lastKnownFileType = sourcecode.swift; path = AppDelegate.swift; sourceTree = "<group>"; };
		5BDC0E7622E97AC80050F9C8 /* Base */ = {isa = PBXFileReference; lastKnownFileType = file.storyboard; name = Base; path = Base.lproj/Main.storyboard; sourceTree = "<group>"; };
		5BDC0E7822E97AC90050F9C8 /* Assets.xcassets */ = {isa = PBXFileReference; lastKnownFileType = folder.assetcatalog; path = Assets.xcassets; sourceTree = "<group>"; };
		5BDC0E7B22E97AC90050F9C8 /* Base */ = {isa = PBXFileReference; lastKnownFileType = file.storyboard; name = Base; path = Base.lproj/LaunchScreen.storyboard; sourceTree = "<group>"; };
		5BDC0E7D22E97AC90050F9C8 /* Info.plist */ = {isa = PBXFileReference; lastKnownFileType = text.plist.xml; path = Info.plist; sourceTree = "<group>"; };
		5BDC0E8222E97AC90050F9C8 /* AdventureGameTests.xctest */ = {isa = PBXFileReference; explicitFileType = wrapper.cfbundle; includeInIndex = 0; path = AdventureGameTests.xctest; sourceTree = BUILT_PRODUCTS_DIR; };
		5BDC0E8622E97AC90050F9C8 /* AdventureGameTests.swift */ = {isa = PBXFileReference; lastKnownFileType = sourcecode.swift; path = AdventureGameTests.swift; sourceTree = "<group>"; };
		5BDC0E8822E97AC90050F9C8 /* Info.plist */ = {isa = PBXFileReference; lastKnownFileType = text.plist.xml; path = Info.plist; sourceTree = "<group>"; };
		5BDC0E8D22E97AC90050F9C8 /* AdventureGameUITests.xctest */ = {isa = PBXFileReference; explicitFileType = wrapper.cfbundle; includeInIndex = 0; path = AdventureGameUITests.xctest; sourceTree = BUILT_PRODUCTS_DIR; };
		5BDC0E9122E97AC90050F9C8 /* AdventureGameUITests.swift */ = {isa = PBXFileReference; lastKnownFileType = sourcecode.swift; path = AdventureGameUITests.swift; sourceTree = "<group>"; };
		5BDC0E9322E97AC90050F9C8 /* Info.plist */ = {isa = PBXFileReference; lastKnownFileType = text.plist.xml; path = Info.plist; sourceTree = "<group>"; };
		5BDC0EA322E98C260050F9C8 /* GameViewController.swift */ = {isa = PBXFileReference; fileEncoding = 4; lastKnownFileType = sourcecode.swift; path = GameViewController.swift; sourceTree = "<group>"; };
		83A30CC9E1A97A73E32E9E2E /* Pods-AdventureGame.debug.xcconfig */ = {isa = PBXFileReference; includeInIndex = 1; lastKnownFileType = text.xcconfig; name = "Pods-AdventureGame.debug.xcconfig"; path = "Target Support Files/Pods-AdventureGame/Pods-AdventureGame.debug.xcconfig"; sourceTree = "<group>"; };
		A46E8965C8EB2E28BCC6A401 /* Pods-AdventureGame.release.xcconfig */ = {isa = PBXFileReference; includeInIndex = 1; lastKnownFileType = text.xcconfig; name = "Pods-AdventureGame.release.xcconfig"; path = "Target Support Files/Pods-AdventureGame/Pods-AdventureGame.release.xcconfig"; sourceTree = "<group>"; };
		BD20668C9EE65139562888D8 /* Pods_AdventureGameUITests.framework */ = {isa = PBXFileReference; explicitFileType = wrapper.framework; includeInIndex = 0; path = Pods_AdventureGameUITests.framework; sourceTree = BUILT_PRODUCTS_DIR; };
		D2FC3950DD92C34480AE1108 /* Pods-AdventureGameUITests.release.xcconfig */ = {isa = PBXFileReference; includeInIndex = 1; lastKnownFileType = text.xcconfig; name = "Pods-AdventureGameUITests.release.xcconfig"; path = "Target Support Files/Pods-AdventureGameUITests/Pods-AdventureGameUITests.release.xcconfig"; sourceTree = "<group>"; };
		FD451E42E7D4724A8CA90067 /* Pods_AdventureGameTests.framework */ = {isa = PBXFileReference; explicitFileType = wrapper.framework; includeInIndex = 0; path = Pods_AdventureGameTests.framework; sourceTree = BUILT_PRODUCTS_DIR; };
/* End PBXFileReference section */

/* Begin PBXFrameworksBuildPhase section */
		5BDC0E6522E97AC80050F9C8 /* Frameworks */ = {
			isa = PBXFrameworksBuildPhase;
			buildActionMask = 2147483647;
			files = (
				A426146D0B3F45ADC15D70E1 /* Pods_AdventureGame.framework in Frameworks */,
			);
			runOnlyForDeploymentPostprocessing = 0;
		};
		5BDC0E7F22E97AC90050F9C8 /* Frameworks */ = {
			isa = PBXFrameworksBuildPhase;
			buildActionMask = 2147483647;
			files = (
				5094B4D22264CBB764F314C6 /* Pods_AdventureGameTests.framework in Frameworks */,
			);
			runOnlyForDeploymentPostprocessing = 0;
		};
		5BDC0E8A22E97AC90050F9C8 /* Frameworks */ = {
			isa = PBXFrameworksBuildPhase;
			buildActionMask = 2147483647;
			files = (
				7C45BEDA2EAB84BD8C9CE3CF /* Pods_AdventureGameUITests.framework in Frameworks */,
			);
			runOnlyForDeploymentPostprocessing = 0;
		};
/* End PBXFrameworksBuildPhase section */

/* Begin PBXGroup section */
		5B8B3D4222F0264900313557 /* View */ = {
			isa = PBXGroup;
			children = (
				5B9B526D22F168BB003967E4 /* StoreView.swift */,
			);
			path = View;
			sourceTree = "<group>";
		};
		5BAD56C922F19580005E3393 /* Model */ = {
			isa = PBXGroup;
			children = (
				5BAD56CA22F1958F005E3393 /* StoreModel.swift */,
				5B2E457622F439C100A4D9F6 /* MoneyUnit.swift */,
			);
			path = Model;
			sourceTree = "<group>";
		};
		5BDC0E5F22E97AC80050F9C8 = {
			isa = PBXGroup;
			children = (
				5BDC0E6A22E97AC80050F9C8 /* AdventureGame */,
				5BDC0E8522E97AC90050F9C8 /* AdventureGameTests */,
				5BDC0E9022E97AC90050F9C8 /* AdventureGameUITests */,
				5BDC0E6922E97AC80050F9C8 /* Products */,
				8864DA47C91160379104635F /* Pods */,
				E1311FD4E577D25D46A0AB68 /* Frameworks */,
			);
			sourceTree = "<group>";
		};
		5BDC0E6922E97AC80050F9C8 /* Products */ = {
			isa = PBXGroup;
			children = (
				5BDC0E6822E97AC80050F9C8 /* AdventureGame.app */,
				5BDC0E8222E97AC90050F9C8 /* AdventureGameTests.xctest */,
				5BDC0E8D22E97AC90050F9C8 /* AdventureGameUITests.xctest */,
			);
			name = Products;
			sourceTree = "<group>";
		};
		5BDC0E6A22E97AC80050F9C8 /* AdventureGame */ = {
			isa = PBXGroup;
			children = (
				5B8B3D4222F0264900313557 /* View */,
				5BDC0EA222E98C260050F9C8 /* Controller */,
				5BDC0EA422E98C260050F9C8 /* Manager */,
				5BAD56C922F19580005E3393 /* Model */,
				5BDC0E6B22E97AC80050F9C8 /* AppDelegate.swift */,
				5BDC0E7522E97AC80050F9C8 /* Main.storyboard */,
				5BDC0E7822E97AC90050F9C8 /* Assets.xcassets */,
				5BDC0E7A22E97AC90050F9C8 /* LaunchScreen.storyboard */,
				5BDC0E7D22E97AC90050F9C8 /* Info.plist */,
				5BA7259222FACE4A008B558C /* AdventureGame.db */,
			);
			path = AdventureGame;
			sourceTree = "<group>";
		};
		5BDC0E8522E97AC90050F9C8 /* AdventureGameTests */ = {
			isa = PBXGroup;
			children = (
				5BDC0E8622E97AC90050F9C8 /* AdventureGameTests.swift */,
				5BDC0E8822E97AC90050F9C8 /* Info.plist */,
			);
			path = AdventureGameTests;
			sourceTree = "<group>";
		};
		5BDC0E9022E97AC90050F9C8 /* AdventureGameUITests */ = {
			isa = PBXGroup;
			children = (
				5BDC0E9122E97AC90050F9C8 /* AdventureGameUITests.swift */,
				5BDC0E9322E97AC90050F9C8 /* Info.plist */,
			);
			path = AdventureGameUITests;
			sourceTree = "<group>";
		};
		5BDC0EA222E98C260050F9C8 /* Controller */ = {
			isa = PBXGroup;
			children = (
				5BDC0EA322E98C260050F9C8 /* GameViewController.swift */,
			);
			path = Controller;
			sourceTree = "<group>";
		};
		5BDC0EA422E98C260050F9C8 /* Manager */ = {
			isa = PBXGroup;
			children = (
				5BAD56C722F19506005E3393 /* StoreManager.swift */,
				5BD6752122FA7E700055E9BF /* StoreDBManager.swift */,
				5BD2843722FD419500E77BB3 /* TotalDBManager.swift */,
			);
			path = Manager;
			sourceTree = "<group>";
		};
		8864DA47C91160379104635F /* Pods */ = {
			isa = PBXGroup;
			children = (
				83A30CC9E1A97A73E32E9E2E /* Pods-AdventureGame.debug.xcconfig */,
				A46E8965C8EB2E28BCC6A401 /* Pods-AdventureGame.release.xcconfig */,
				1E06043352358DD36F6C630E /* Pods-AdventureGameTests.debug.xcconfig */,
				538521BEA1A33DC9D7B2EEBC /* Pods-AdventureGameTests.release.xcconfig */,
				515EE9D3D298A103B8A9D915 /* Pods-AdventureGameUITests.debug.xcconfig */,
				D2FC3950DD92C34480AE1108 /* Pods-AdventureGameUITests.release.xcconfig */,
			);
			path = Pods;
			sourceTree = "<group>";
		};
		E1311FD4E577D25D46A0AB68 /* Frameworks */ = {
			isa = PBXGroup;
			children = (
				422CCAE33F26E4392D5E3AF0 /* Pods_AdventureGame.framework */,
				FD451E42E7D4724A8CA90067 /* Pods_AdventureGameTests.framework */,
				BD20668C9EE65139562888D8 /* Pods_AdventureGameUITests.framework */,
			);
			name = Frameworks;
			sourceTree = "<group>";
		};
/* End PBXGroup section */

/* Begin PBXNativeTarget section */
		5BDC0E6722E97AC80050F9C8 /* AdventureGame */ = {
			isa = PBXNativeTarget;
			buildConfigurationList = 5BDC0E9622E97AC90050F9C8 /* Build configuration list for PBXNativeTarget "AdventureGame" */;
			buildPhases = (
				E51FBA50E3D62C9684C994B6 /* [CP] Check Pods Manifest.lock */,
				5BDC0E6422E97AC80050F9C8 /* Sources */,
				5BDC0E6522E97AC80050F9C8 /* Frameworks */,
				5BDC0E6622E97AC80050F9C8 /* Resources */,
				E7DA81DEDE17F692AADF2A18 /* [CP] Embed Pods Frameworks */,
			);
			buildRules = (
			);
			dependencies = (
			);
			name = AdventureGame;
			productName = AdventureGame;
			productReference = 5BDC0E6822E97AC80050F9C8 /* AdventureGame.app */;
			productType = "com.apple.product-type.application";
		};
		5BDC0E8122E97AC90050F9C8 /* AdventureGameTests */ = {
			isa = PBXNativeTarget;
			buildConfigurationList = 5BDC0E9922E97AC90050F9C8 /* Build configuration list for PBXNativeTarget "AdventureGameTests" */;
			buildPhases = (
				2EE45142F04E5D518FA90F86 /* [CP] Check Pods Manifest.lock */,
				5BDC0E7E22E97AC90050F9C8 /* Sources */,
				5BDC0E7F22E97AC90050F9C8 /* Frameworks */,
				5BDC0E8022E97AC90050F9C8 /* Resources */,
			);
			buildRules = (
			);
			dependencies = (
				5BDC0E8422E97AC90050F9C8 /* PBXTargetDependency */,
			);
			name = AdventureGameTests;
			productName = AdventureGameTests;
			productReference = 5BDC0E8222E97AC90050F9C8 /* AdventureGameTests.xctest */;
			productType = "com.apple.product-type.bundle.unit-test";
		};
		5BDC0E8C22E97AC90050F9C8 /* AdventureGameUITests */ = {
			isa = PBXNativeTarget;
			buildConfigurationList = 5BDC0E9C22E97AC90050F9C8 /* Build configuration list for PBXNativeTarget "AdventureGameUITests" */;
			buildPhases = (
				5385CAF39FB84B359AF7E76E /* [CP] Check Pods Manifest.lock */,
				5BDC0E8922E97AC90050F9C8 /* Sources */,
				5BDC0E8A22E97AC90050F9C8 /* Frameworks */,
				5BDC0E8B22E97AC90050F9C8 /* Resources */,
			);
			buildRules = (
			);
			dependencies = (
				5BDC0E8F22E97AC90050F9C8 /* PBXTargetDependency */,
			);
			name = AdventureGameUITests;
			productName = AdventureGameUITests;
			productReference = 5BDC0E8D22E97AC90050F9C8 /* AdventureGameUITests.xctest */;
			productType = "com.apple.product-type.bundle.ui-testing";
		};
/* End PBXNativeTarget section */

/* Begin PBXProject section */
		5BDC0E6022E97AC80050F9C8 /* Project object */ = {
			isa = PBXProject;
			attributes = {
				LastSwiftUpdateCheck = 1030;
				LastUpgradeCheck = 1030;
				ORGANIZATIONNAME = Gray;
				TargetAttributes = {
					5BDC0E6722E97AC80050F9C8 = {
						CreatedOnToolsVersion = 10.3;
					};
					5BDC0E8122E97AC90050F9C8 = {
						CreatedOnToolsVersion = 10.3;
						TestTargetID = 5BDC0E6722E97AC80050F9C8;
					};
					5BDC0E8C22E97AC90050F9C8 = {
						CreatedOnToolsVersion = 10.3;
						TestTargetID = 5BDC0E6722E97AC80050F9C8;
					};
				};
			};
			buildConfigurationList = 5BDC0E6322E97AC80050F9C8 /* Build configuration list for PBXProject "AdventureGame" */;
			compatibilityVersion = "Xcode 9.3";
			developmentRegion = en;
			hasScannedForEncodings = 0;
			knownRegions = (
				en,
				Base,
			);
			mainGroup = 5BDC0E5F22E97AC80050F9C8;
			productRefGroup = 5BDC0E6922E97AC80050F9C8 /* Products */;
			projectDirPath = "";
			projectRoot = "";
			targets = (
				5BDC0E6722E97AC80050F9C8 /* AdventureGame */,
				5BDC0E8122E97AC90050F9C8 /* AdventureGameTests */,
				5BDC0E8C22E97AC90050F9C8 /* AdventureGameUITests */,
			);
		};
/* End PBXProject section */

/* Begin PBXResourcesBuildPhase section */
		5BDC0E6622E97AC80050F9C8 /* Resources */ = {
			isa = PBXResourcesBuildPhase;
			buildActionMask = 2147483647;
			files = (
				5BA7259322FACE4A008B558C /* AdventureGame.db in Resources */,
				5BDC0E7722E97AC80050F9C8 /* Main.storyboard in Resources */,
				5BDC0E7922E97AC90050F9C8 /* Assets.xcassets in Resources */,
				5BDC0E7C22E97AC90050F9C8 /* LaunchScreen.storyboard in Resources */,
			);
			runOnlyForDeploymentPostprocessing = 0;
		};
		5BDC0E8022E97AC90050F9C8 /* Resources */ = {
			isa = PBXResourcesBuildPhase;
			buildActionMask = 2147483647;
			files = (
			);
			runOnlyForDeploymentPostprocessing = 0;
		};
		5BDC0E8B22E97AC90050F9C8 /* Resources */ = {
			isa = PBXResourcesBuildPhase;
			buildActionMask = 2147483647;
			files = (
			);
			runOnlyForDeploymentPostprocessing = 0;
		};
/* End PBXResourcesBuildPhase section */

/* Begin PBXShellScriptBuildPhase section */
		2EE45142F04E5D518FA90F86 /* [CP] Check Pods Manifest.lock */ = {
			isa = PBXShellScriptBuildPhase;
			buildActionMask = 2147483647;
			files = (
			);
			inputFileListPaths = (
			);
			inputPaths = (
				"${PODS_PODFILE_DIR_PATH}/Podfile.lock",
				"${PODS_ROOT}/Manifest.lock",
			);
			name = "[CP] Check Pods Manifest.lock";
			outputFileListPaths = (
			);
			outputPaths = (
				"$(DERIVED_FILE_DIR)/Pods-AdventureGameTests-checkManifestLockResult.txt",
			);
			runOnlyForDeploymentPostprocessing = 0;
			shellPath = /bin/sh;
			shellScript = "diff \"${PODS_PODFILE_DIR_PATH}/Podfile.lock\" \"${PODS_ROOT}/Manifest.lock\" > /dev/null\nif [ $? != 0 ] ; then\n    # print error to STDERR\n    echo \"error: The sandbox is not in sync with the Podfile.lock. Run 'pod install' or update your CocoaPods installation.\" >&2\n    exit 1\nfi\n# This output is used by Xcode 'outputs' to avoid re-running this script phase.\necho \"SUCCESS\" > \"${SCRIPT_OUTPUT_FILE_0}\"\n";
			showEnvVarsInLog = 0;
		};
		5385CAF39FB84B359AF7E76E /* [CP] Check Pods Manifest.lock */ = {
			isa = PBXShellScriptBuildPhase;
			buildActionMask = 2147483647;
			files = (
			);
			inputFileListPaths = (
			);
			inputPaths = (
				"${PODS_PODFILE_DIR_PATH}/Podfile.lock",
				"${PODS_ROOT}/Manifest.lock",
			);
			name = "[CP] Check Pods Manifest.lock";
			outputFileListPaths = (
			);
			outputPaths = (
				"$(DERIVED_FILE_DIR)/Pods-AdventureGameUITests-checkManifestLockResult.txt",
			);
			runOnlyForDeploymentPostprocessing = 0;
			shellPath = /bin/sh;
			shellScript = "diff \"${PODS_PODFILE_DIR_PATH}/Podfile.lock\" \"${PODS_ROOT}/Manifest.lock\" > /dev/null\nif [ $? != 0 ] ; then\n    # print error to STDERR\n    echo \"error: The sandbox is not in sync with the Podfile.lock. Run 'pod install' or update your CocoaPods installation.\" >&2\n    exit 1\nfi\n# This output is used by Xcode 'outputs' to avoid re-running this script phase.\necho \"SUCCESS\" > \"${SCRIPT_OUTPUT_FILE_0}\"\n";
			showEnvVarsInLog = 0;
		};
		E51FBA50E3D62C9684C994B6 /* [CP] Check Pods Manifest.lock */ = {
			isa = PBXShellScriptBuildPhase;
			buildActionMask = 2147483647;
			files = (
			);
			inputFileListPaths = (
			);
			inputPaths = (
				"${PODS_PODFILE_DIR_PATH}/Podfile.lock",
				"${PODS_ROOT}/Manifest.lock",
			);
			name = "[CP] Check Pods Manifest.lock";
			outputFileListPaths = (
			);
			outputPaths = (
				"$(DERIVED_FILE_DIR)/Pods-AdventureGame-checkManifestLockResult.txt",
			);
			runOnlyForDeploymentPostprocessing = 0;
			shellPath = /bin/sh;
			shellScript = "diff \"${PODS_PODFILE_DIR_PATH}/Podfile.lock\" \"${PODS_ROOT}/Manifest.lock\" > /dev/null\nif [ $? != 0 ] ; then\n    # print error to STDERR\n    echo \"error: The sandbox is not in sync with the Podfile.lock. Run 'pod install' or update your CocoaPods installation.\" >&2\n    exit 1\nfi\n# This output is used by Xcode 'outputs' to avoid re-running this script phase.\necho \"SUCCESS\" > \"${SCRIPT_OUTPUT_FILE_0}\"\n";
			showEnvVarsInLog = 0;
		};
		E7DA81DEDE17F692AADF2A18 /* [CP] Embed Pods Frameworks */ = {
			isa = PBXShellScriptBuildPhase;
			buildActionMask = 2147483647;
			files = (
			);
			inputFileListPaths = (
				"${PODS_ROOT}/Target Support Files/Pods-AdventureGame/Pods-AdventureGame-frameworks-${CONFIGURATION}-input-files.xcfilelist",
			);
			name = "[CP] Embed Pods Frameworks";
			outputFileListPaths = (
				"${PODS_ROOT}/Target Support Files/Pods-AdventureGame/Pods-AdventureGame-frameworks-${CONFIGURATION}-output-files.xcfilelist",
			);
			runOnlyForDeploymentPostprocessing = 0;
			shellPath = /bin/sh;
			shellScript = "\"${PODS_ROOT}/Target Support Files/Pods-AdventureGame/Pods-AdventureGame-frameworks.sh\"\n";
			showEnvVarsInLog = 0;
		};
/* End PBXShellScriptBuildPhase section */

/* Begin PBXSourcesBuildPhase section */
		5BDC0E6422E97AC80050F9C8 /* Sources */ = {
			isa = PBXSourcesBuildPhase;
			buildActionMask = 2147483647;
			files = (
				5B2E457722F439C100A4D9F6 /* MoneyUnit.swift in Sources */,
				5BDC0EA622E98C260050F9C8 /* GameViewController.swift in Sources */,
				5BAD56C822F19506005E3393 /* StoreManager.swift in Sources */,
				5B9B526E22F168BB003967E4 /* StoreView.swift in Sources */,
				5BD2843822FD419500E77BB3 /* TotalDBManager.swift in Sources */,
				5BDC0E6C22E97AC80050F9C8 /* AppDelegate.swift in Sources */,
				5BAD56CB22F1958F005E3393 /* StoreModel.swift in Sources */,
				5BD6752222FA7E700055E9BF /* StoreDBManager.swift in Sources */,
			);
			runOnlyForDeploymentPostprocessing = 0;
		};
		5BDC0E7E22E97AC90050F9C8 /* Sources */ = {
			isa = PBXSourcesBuildPhase;
			buildActionMask = 2147483647;
			files = (
				5BDC0E8722E97AC90050F9C8 /* AdventureGameTests.swift in Sources */,
			);
			runOnlyForDeploymentPostprocessing = 0;
		};
		5BDC0E8922E97AC90050F9C8 /* Sources */ = {
			isa = PBXSourcesBuildPhase;
			buildActionMask = 2147483647;
			files = (
				5BDC0E9222E97AC90050F9C8 /* AdventureGameUITests.swift in Sources */,
			);
			runOnlyForDeploymentPostprocessing = 0;
		};
/* End PBXSourcesBuildPhase section */

/* Begin PBXTargetDependency section */
		5BDC0E8422E97AC90050F9C8 /* PBXTargetDependency */ = {
			isa = PBXTargetDependency;
			target = 5BDC0E6722E97AC80050F9C8 /* AdventureGame */;
			targetProxy = 5BDC0E8322E97AC90050F9C8 /* PBXContainerItemProxy */;
		};
		5BDC0E8F22E97AC90050F9C8 /* PBXTargetDependency */ = {
			isa = PBXTargetDependency;
			target = 5BDC0E6722E97AC80050F9C8 /* AdventureGame */;
			targetProxy = 5BDC0E8E22E97AC90050F9C8 /* PBXContainerItemProxy */;
		};
/* End PBXTargetDependency section */

/* Begin PBXVariantGroup section */
		5BDC0E7522E97AC80050F9C8 /* Main.storyboard */ = {
			isa = PBXVariantGroup;
			children = (
				5BDC0E7622E97AC80050F9C8 /* Base */,
			);
			name = Main.storyboard;
			sourceTree = "<group>";
		};
		5BDC0E7A22E97AC90050F9C8 /* LaunchScreen.storyboard */ = {
			isa = PBXVariantGroup;
			children = (
				5BDC0E7B22E97AC90050F9C8 /* Base */,
			);
			name = LaunchScreen.storyboard;
			sourceTree = "<group>";
		};
/* End PBXVariantGroup section */

/* Begin XCBuildConfiguration section */
		5BDC0E9422E97AC90050F9C8 /* Debug */ = {
			isa = XCBuildConfiguration;
			buildSettings = {
				ALWAYS_SEARCH_USER_PATHS = NO;
				CLANG_ANALYZER_NONNULL = YES;
				CLANG_ANALYZER_NUMBER_OBJECT_CONVERSION = YES_AGGRESSIVE;
				CLANG_CXX_LANGUAGE_STANDARD = "gnu++14";
				CLANG_CXX_LIBRARY = "libc++";
				CLANG_ENABLE_MODULES = YES;
				CLANG_ENABLE_OBJC_ARC = YES;
				CLANG_ENABLE_OBJC_WEAK = YES;
				CLANG_WARN_BLOCK_CAPTURE_AUTORELEASING = YES;
				CLANG_WARN_BOOL_CONVERSION = YES;
				CLANG_WARN_COMMA = YES;
				CLANG_WARN_CONSTANT_CONVERSION = YES;
				CLANG_WARN_DEPRECATED_OBJC_IMPLEMENTATIONS = YES;
				CLANG_WARN_DIRECT_OBJC_ISA_USAGE = YES_ERROR;
				CLANG_WARN_DOCUMENTATION_COMMENTS = YES;
				CLANG_WARN_EMPTY_BODY = YES;
				CLANG_WARN_ENUM_CONVERSION = YES;
				CLANG_WARN_INFINITE_RECURSION = YES;
				CLANG_WARN_INT_CONVERSION = YES;
				CLANG_WARN_NON_LITERAL_NULL_CONVERSION = YES;
				CLANG_WARN_OBJC_IMPLICIT_RETAIN_SELF = YES;
				CLANG_WARN_OBJC_LITERAL_CONVERSION = YES;
				CLANG_WARN_OBJC_ROOT_CLASS = YES_ERROR;
				CLANG_WARN_RANGE_LOOP_ANALYSIS = YES;
				CLANG_WARN_STRICT_PROTOTYPES = YES;
				CLANG_WARN_SUSPICIOUS_MOVE = YES;
				CLANG_WARN_UNGUARDED_AVAILABILITY = YES_AGGRESSIVE;
				CLANG_WARN_UNREACHABLE_CODE = YES;
				CLANG_WARN__DUPLICATE_METHOD_MATCH = YES;
				CODE_SIGN_IDENTITY = "iPhone Developer";
				COPY_PHASE_STRIP = NO;
				DEBUG_INFORMATION_FORMAT = dwarf;
				ENABLE_STRICT_OBJC_MSGSEND = YES;
				ENABLE_TESTABILITY = YES;
				GCC_C_LANGUAGE_STANDARD = gnu11;
				GCC_DYNAMIC_NO_PIC = NO;
				GCC_NO_COMMON_BLOCKS = YES;
				GCC_OPTIMIZATION_LEVEL = 0;
				GCC_PREPROCESSOR_DEFINITIONS = (
					"DEBUG=1",
					"$(inherited)",
				);
				GCC_WARN_64_TO_32_BIT_CONVERSION = YES;
				GCC_WARN_ABOUT_RETURN_TYPE = YES_ERROR;
				GCC_WARN_UNDECLARED_SELECTOR = YES;
				GCC_WARN_UNINITIALIZED_AUTOS = YES_AGGRESSIVE;
				GCC_WARN_UNUSED_FUNCTION = YES;
				GCC_WARN_UNUSED_VARIABLE = YES;
				IPHONEOS_DEPLOYMENT_TARGET = 12.4;
				MTL_ENABLE_DEBUG_INFO = INCLUDE_SOURCE;
				MTL_FAST_MATH = YES;
				ONLY_ACTIVE_ARCH = YES;
				SDKROOT = iphoneos;
				SWIFT_ACTIVE_COMPILATION_CONDITIONS = DEBUG;
				SWIFT_OPTIMIZATION_LEVEL = "-Onone";
			};
			name = Debug;
		};
		5BDC0E9522E97AC90050F9C8 /* Release */ = {
			isa = XCBuildConfiguration;
			buildSettings = {
				ALWAYS_SEARCH_USER_PATHS = NO;
				CLANG_ANALYZER_NONNULL = YES;
				CLANG_ANALYZER_NUMBER_OBJECT_CONVERSION = YES_AGGRESSIVE;
				CLANG_CXX_LANGUAGE_STANDARD = "gnu++14";
				CLANG_CXX_LIBRARY = "libc++";
				CLANG_ENABLE_MODULES = YES;
				CLANG_ENABLE_OBJC_ARC = YES;
				CLANG_ENABLE_OBJC_WEAK = YES;
				CLANG_WARN_BLOCK_CAPTURE_AUTORELEASING = YES;
				CLANG_WARN_BOOL_CONVERSION = YES;
				CLANG_WARN_COMMA = YES;
				CLANG_WARN_CONSTANT_CONVERSION = YES;
				CLANG_WARN_DEPRECATED_OBJC_IMPLEMENTATIONS = YES;
				CLANG_WARN_DIRECT_OBJC_ISA_USAGE = YES_ERROR;
				CLANG_WARN_DOCUMENTATION_COMMENTS = YES;
				CLANG_WARN_EMPTY_BODY = YES;
				CLANG_WARN_ENUM_CONVERSION = YES;
				CLANG_WARN_INFINITE_RECURSION = YES;
				CLANG_WARN_INT_CONVERSION = YES;
				CLANG_WARN_NON_LITERAL_NULL_CONVERSION = YES;
				CLANG_WARN_OBJC_IMPLICIT_RETAIN_SELF = YES;
				CLANG_WARN_OBJC_LITERAL_CONVERSION = YES;
				CLANG_WARN_OBJC_ROOT_CLASS = YES_ERROR;
				CLANG_WARN_RANGE_LOOP_ANALYSIS = YES;
				CLANG_WARN_STRICT_PROTOTYPES = YES;
				CLANG_WARN_SUSPICIOUS_MOVE = YES;
				CLANG_WARN_UNGUARDED_AVAILABILITY = YES_AGGRESSIVE;
				CLANG_WARN_UNREACHABLE_CODE = YES;
				CLANG_WARN__DUPLICATE_METHOD_MATCH = YES;
				CODE_SIGN_IDENTITY = "iPhone Developer";
				COPY_PHASE_STRIP = NO;
				DEBUG_INFORMATION_FORMAT = "dwarf-with-dsym";
				ENABLE_NS_ASSERTIONS = NO;
				ENABLE_STRICT_OBJC_MSGSEND = YES;
				GCC_C_LANGUAGE_STANDARD = gnu11;
				GCC_NO_COMMON_BLOCKS = YES;
				GCC_WARN_64_TO_32_BIT_CONVERSION = YES;
				GCC_WARN_ABOUT_RETURN_TYPE = YES_ERROR;
				GCC_WARN_UNDECLARED_SELECTOR = YES;
				GCC_WARN_UNINITIALIZED_AUTOS = YES_AGGRESSIVE;
				GCC_WARN_UNUSED_FUNCTION = YES;
				GCC_WARN_UNUSED_VARIABLE = YES;
				IPHONEOS_DEPLOYMENT_TARGET = 12.4;
				MTL_ENABLE_DEBUG_INFO = NO;
				MTL_FAST_MATH = YES;
				SDKROOT = iphoneos;
				SWIFT_COMPILATION_MODE = wholemodule;
				SWIFT_OPTIMIZATION_LEVEL = "-O";
				VALIDATE_PRODUCT = YES;
			};
			name = Release;
		};
		5BDC0E9722E97AC90050F9C8 /* Debug */ = {
			isa = XCBuildConfiguration;
			baseConfigurationReference = 83A30CC9E1A97A73E32E9E2E /* Pods-AdventureGame.debug.xcconfig */;
			buildSettings = {
				ASSETCATALOG_COMPILER_APPICON_NAME = AppIcon;
				CODE_SIGN_STYLE = Automatic;
				DEVELOPMENT_TEAM = QEJW2BZ99E;
				INFOPLIST_FILE = AdventureGame/Info.plist;
				IPHONEOS_DEPLOYMENT_TARGET = 9.0;
				LD_RUNPATH_SEARCH_PATHS = (
					"$(inherited)",
					"@executable_path/Frameworks",
				);
				PRODUCT_BUNDLE_IDENTIFIER = com.guoyi.AdventureGame;
				PRODUCT_NAME = "$(TARGET_NAME)";
				SWIFT_VERSION = 5.0;
				TARGETED_DEVICE_FAMILY = "1,2";
			};
			name = Debug;
		};
		5BDC0E9822E97AC90050F9C8 /* Release */ = {
			isa = XCBuildConfiguration;
			baseConfigurationReference = A46E8965C8EB2E28BCC6A401 /* Pods-AdventureGame.release.xcconfig */;
			buildSettings = {
				ASSETCATALOG_COMPILER_APPICON_NAME = AppIcon;
				CODE_SIGN_STYLE = Automatic;
				DEVELOPMENT_TEAM = QEJW2BZ99E;
				INFOPLIST_FILE = AdventureGame/Info.plist;
				IPHONEOS_DEPLOYMENT_TARGET = 9.0;
				LD_RUNPATH_SEARCH_PATHS = (
					"$(inherited)",
					"@executable_path/Frameworks",
				);
				PRODUCT_BUNDLE_IDENTIFIER = com.guoyi.AdventureGame;
				PRODUCT_NAME = "$(TARGET_NAME)";
				SWIFT_VERSION = 5.0;
				TARGETED_DEVICE_FAMILY = "1,2";
			};
			name = Release;
		};
		5BDC0E9A22E97AC90050F9C8 /* Debug */ = {
			isa = XCBuildConfiguration;
			baseConfigurationReference = 1E06043352358DD36F6C630E /* Pods-AdventureGameTests.debug.xcconfig */;
			buildSettings = {
				ALWAYS_EMBED_SWIFT_STANDARD_LIBRARIES = YES;
				BUNDLE_LOADER = "$(TEST_HOST)";
				CODE_SIGN_STYLE = Automatic;
				DEVELOPMENT_TEAM = QEJW2BZ99E;
				INFOPLIST_FILE = AdventureGameTests/Info.plist;
				LD_RUNPATH_SEARCH_PATHS = (
					"$(inherited)",
					"@executable_path/Frameworks",
					"@loader_path/Frameworks",
				);
				PRODUCT_BUNDLE_IDENTIFIER = com.guoyi.AdventureGameTests;
				PRODUCT_NAME = "$(TARGET_NAME)";
				SWIFT_VERSION = 5.0;
				TARGETED_DEVICE_FAMILY = "1,2";
				TEST_HOST = "$(BUILT_PRODUCTS_DIR)/AdventureGame.app/AdventureGame";
			};
			name = Debug;
		};
		5BDC0E9B22E97AC90050F9C8 /* Release */ = {
			isa = XCBuildConfiguration;
			baseConfigurationReference = 538521BEA1A33DC9D7B2EEBC /* Pods-AdventureGameTests.release.xcconfig */;
			buildSettings = {
				ALWAYS_EMBED_SWIFT_STANDARD_LIBRARIES = YES;
				BUNDLE_LOADER = "$(TEST_HOST)";
				CODE_SIGN_STYLE = Automatic;
				DEVELOPMENT_TEAM = QEJW2BZ99E;
				INFOPLIST_FILE = AdventureGameTests/Info.plist;
				LD_RUNPATH_SEARCH_PATHS = (
					"$(inherited)",
					"@executable_path/Frameworks",
					"@loader_path/Frameworks",
				);
				PRODUCT_BUNDLE_IDENTIFIER = com.guoyi.AdventureGameTests;
				PRODUCT_NAME = "$(TARGET_NAME)";
				SWIFT_VERSION = 5.0;
				TARGETED_DEVICE_FAMILY = "1,2";
				TEST_HOST = "$(BUILT_PRODUCTS_DIR)/AdventureGame.app/AdventureGame";
			};
			name = Release;
		};
		5BDC0E9D22E97AC90050F9C8 /* Debug */ = {
			isa = XCBuildConfiguration;
			baseConfigurationReference = 515EE9D3D298A103B8A9D915 /* Pods-AdventureGameUITests.debug.xcconfig */;
			buildSettings = {
				ALWAYS_EMBED_SWIFT_STANDARD_LIBRARIES = YES;
				CODE_SIGN_STYLE = Automatic;
				DEVELOPMENT_TEAM = QEJW2BZ99E;
				INFOPLIST_FILE = AdventureGameUITests/Info.plist;
				LD_RUNPATH_SEARCH_PATHS = (
					"$(inherited)",
					"@executable_path/Frameworks",
					"@loader_path/Frameworks",
				);
				PRODUCT_BUNDLE_IDENTIFIER = com.guoyi.AdventureGameUITests;
				PRODUCT_NAME = "$(TARGET_NAME)";
				SWIFT_VERSION = 5.0;
				TARGETED_DEVICE_FAMILY = "1,2";
				TEST_TARGET_NAME = AdventureGame;
			};
			name = Debug;
		};
		5BDC0E9E22E97AC90050F9C8 /* Release */ = {
			isa = XCBuildConfiguration;
			baseConfigurationReference = D2FC3950DD92C34480AE1108 /* Pods-AdventureGameUITests.release.xcconfig */;
			buildSettings = {
				ALWAYS_EMBED_SWIFT_STANDARD_LIBRARIES = YES;
				CODE_SIGN_STYLE = Automatic;
				DEVELOPMENT_TEAM = QEJW2BZ99E;
				INFOPLIST_FILE = AdventureGameUITests/Info.plist;
				LD_RUNPATH_SEARCH_PATHS = (
					"$(inherited)",
					"@executable_path/Frameworks",
					"@loader_path/Frameworks",
				);
				PRODUCT_BUNDLE_IDENTIFIER = com.guoyi.AdventureGameUITests;
				PRODUCT_NAME = "$(TARGET_NAME)";
				SWIFT_VERSION = 5.0;
				TARGETED_DEVICE_FAMILY = "1,2";
				TEST_TARGET_NAME = AdventureGame;
			};
			name = Release;
		};
/* End XCBuildConfiguration section */

/* Begin XCConfigurationList section */
		5BDC0E6322E97AC80050F9C8 /* Build configuration list for PBXProject "AdventureGame" */ = {
			isa = XCConfigurationList;
			buildConfigurations = (
				5BDC0E9422E97AC90050F9C8 /* Debug */,
				5BDC0E9522E97AC90050F9C8 /* Release */,
			);
			defaultConfigurationIsVisible = 0;
			defaultConfigurationName = Release;
		};
		5BDC0E9622E97AC90050F9C8 /* Build configuration list for PBXNativeTarget "AdventureGame" */ = {
			isa = XCConfigurationList;
			buildConfigurations = (
				5BDC0E9722E97AC90050F9C8 /* Debug */,
				5BDC0E9822E97AC90050F9C8 /* Release */,
			);
			defaultConfigurationIsVisible = 0;
			defaultConfigurationName = Release;
		};
		5BDC0E9922E97AC90050F9C8 /* Build configuration list for PBXNativeTarget "AdventureGameTests" */ = {
			isa = XCConfigurationList;
			buildConfigurations = (
				5BDC0E9A22E97AC90050F9C8 /* Debug */,
				5BDC0E9B22E97AC90050F9C8 /* Release */,
			);
			defaultConfigurationIsVisible = 0;
			defaultConfigurationName = Release;
		};
		5BDC0E9C22E97AC90050F9C8 /* Build configuration list for PBXNativeTarget "AdventureGameUITests" */ = {
			isa = XCConfigurationList;
			buildConfigurations = (
				5BDC0E9D22E97AC90050F9C8 /* Debug */,
				5BDC0E9E22E97AC90050F9C8 /* Release */,
			);
			defaultConfigurationIsVisible = 0;
			defaultConfigurationName = Release;
		};
/* End XCConfigurationList section */
	};
	rootObject = 5BDC0E6022E97AC80050F9C8 /* Project object */;
}
